// !$*UTF8*$!
{
	archiveVersion = 1;
	classes = {
	};
	objectVersion = 52;
	objects = {

/* Begin PBXBuildFile section */
		F0AF270F24A4E01A005ED930 /* SR_13072_Test_AppApp.swift in Sources */ = {isa = PBXBuildFile; fileRef = F0AF270E24A4E01A005ED930 /* SR_13072_Test_AppApp.swift */; };
		F0AF271124A4E01A005ED930 /* ContentView.swift in Sources */ = {isa = PBXBuildFile; fileRef = F0AF271024A4E01A005ED930 /* ContentView.swift */; };
		F0AF271324A4E01B005ED930 /* Assets.xcassets in Resources */ = {isa = PBXBuildFile; fileRef = F0AF271224A4E01B005ED930 /* Assets.xcassets */; };
		F0AF271624A4E01B005ED930 /* Preview Assets.xcassets in Resources */ = {isa = PBXBuildFile; fileRef = F0AF271524A4E01B005ED930 /* Preview Assets.xcassets */; };
		F0AF271F24A4E091005ED930 /* SR-13072 in Frameworks */ = {isa = PBXBuildFile; productRef = F0AF271E24A4E091005ED930 /* SR-13072 */; };
/* End PBXBuildFile section */

/* Begin PBXFileReference section */
		F0AF270B24A4E01A005ED930 /* SR-13072 Test App.app */ = {isa = PBXFileReference; explicitFileType = wrapper.application; includeInIndex = 0; path = "SR-13072 Test App.app"; sourceTree = BUILT_PRODUCTS_DIR; };
		F0AF270E24A4E01A005ED930 /* SR_13072_Test_AppApp.swift */ = {isa = PBXFileReference; lastKnownFileType = sourcecode.swift; path = SR_13072_Test_AppApp.swift; sourceTree = "<group>"; };
		F0AF271024A4E01A005ED930 /* ContentView.swift */ = {isa = PBXFileReference; lastKnownFileType = sourcecode.swift; path = ContentView.swift; sourceTree = "<group>"; };
		F0AF271224A4E01B005ED930 /* Assets.xcassets */ = {isa = PBXFileReference; lastKnownFileType = folder.assetcatalog; path = Assets.xcassets; sourceTree = "<group>"; };
		F0AF271524A4E01B005ED930 /* Preview Assets.xcassets */ = {isa = PBXFileReference; lastKnownFileType = folder.assetcatalog; path = "Preview Assets.xcassets"; sourceTree = "<group>"; };
		F0AF271724A4E01B005ED930 /* Info.plist */ = {isa = PBXFileReference; lastKnownFileType = text.plist.xml; path = Info.plist; sourceTree = "<group>"; };
/* End PBXFileReference section */

/* Begin PBXFrameworksBuildPhase section */
		F0AF270824A4E01A005ED930 /* Frameworks */ = {
			isa = PBXFrameworksBuildPhase;
			buildActionMask = 2147483647;
			files = (
				F0AF271F24A4E091005ED930 /* SR-13072 in Frameworks */,
			);
			runOnlyForDeploymentPostprocessing = 0;
		};
/* End PBXFrameworksBuildPhase section */

/* Begin PBXGroup section */
		F0AF270224A4E01A005ED930 = {
			isa = PBXGroup;
			children = (
				F0AF270D24A4E01A005ED930 /* SR-13072 Test App */,
				F0AF270C24A4E01A005ED930 /* Products */,
			);
			sourceTree = "<group>";
		};
		F0AF270C24A4E01A005ED930 /* Products */ = {
			isa = PBXGroup;
			children = (
				F0AF270B24A4E01A005ED930 /* SR-13072 Test App.app */,
			);
			name = Products;
			sourceTree = "<group>";
		};
		F0AF270D24A4E01A005ED930 /* SR-13072 Test App */ = {
			isa = PBXGroup;
			children = (
				F0AF270E24A4E01A005ED930 /* SR_13072_Test_AppApp.swift */,
				F0AF271024A4E01A005ED930 /* ContentView.swift */,
				F0AF271224A4E01B005ED930 /* Assets.xcassets */,
				F0AF271724A4E01B005ED930 /* Info.plist */,
				F0AF271424A4E01B005ED930 /* Preview Content */,
			);
			path = "SR-13072 Test App";
			sourceTree = "<group>";
		};
		F0AF271424A4E01B005ED930 /* Preview Content */ = {
			isa = PBXGroup;
			children = (
				F0AF271524A4E01B005ED930 /* Preview Assets.xcassets */,
			);
			path = "Preview Content";
			sourceTree = "<group>";
		};
/* End PBXGroup section */

/* Begin PBXNativeTarget section */
		F0AF270A24A4E01A005ED930 /* SR-13072 Test App */ = {
			isa = PBXNativeTarget;
			buildConfigurationList = F0AF271A24A4E01B005ED930 /* Build configuration list for PBXNativeTarget "SR-13072 Test App" */;
			buildPhases = (
				F0AF270724A4E01A005ED930 /* Sources */,
				F0AF270824A4E01A005ED930 /* Frameworks */,
				F0AF270924A4E01A005ED930 /* Resources */,
			);
			buildRules = (
			);
			dependencies = (
			);
			name = "SR-13072 Test App";
			packageProductDependencies = (
				F0AF271E24A4E091005ED930 /* SR-13072 */,
			);
			productName = "SR-13072 Test App";
			productReference = F0AF270B24A4E01A005ED930 /* SR-13072 Test App.app */;
			productType = "com.apple.product-type.application";
		};
/* End PBXNativeTarget section */

/* Begin PBXProject section */
		F0AF270324A4E01A005ED930 /* Project object */ = {
			isa = PBXProject;
			attributes = {
				LastSwiftUpdateCheck = 1200;
				LastUpgradeCheck = 1200;
				TargetAttributes = {
					F0AF270A24A4E01A005ED930 = {
						CreatedOnToolsVersion = 12.0;
					};
				};
			};
			buildConfigurationList = F0AF270624A4E01A005ED930 /* Build configuration list for PBXProject "SR-13072 Test App" */;
			compatibilityVersion = "Xcode 9.3";
			developmentRegion = en;
			hasScannedForEncodings = 0;
			knownRegions = (
				en,
				Base,
			);
			mainGroup = F0AF270224A4E01A005ED930;
			packageReferences = (
				F0AF271D24A4E091005ED930 /* XCRemoteSwiftPackageReference "SR-13072" */,
			);
			productRefGroup = F0AF270C24A4E01A005ED930 /* Products */;
			projectDirPath = "";
			projectRoot = "";
			targets = (
				F0AF270A24A4E01A005ED930 /* SR-13072 Test App */,
			);
		};
/* End PBXProject section */

/* Begin PBXResourcesBuildPhase section */
		F0AF270924A4E01A005ED930 /* Resources */ = {
			isa = PBXResourcesBuildPhase;
			buildActionMask = 2147483647;
			files = (
				F0AF271624A4E01B005ED930 /* Preview Assets.xcassets in Resources */,
				F0AF271324A4E01B005ED930 /* Assets.xcassets in Resources */,
			);
			runOnlyForDeploymentPostprocessing = 0;
		};
/* End PBXResourcesBuildPhase section */

/* Begin PBXSourcesBuildPhase section */
		F0AF270724A4E01A005ED930 /* Sources */ = {
			isa = PBXSourcesBuildPhase;
			buildActionMask = 2147483647;
			files = (
				F0AF271124A4E01A005ED930 /* ContentView.swift in Sources */,
				F0AF270F24A4E01A005ED930 /* SR_13072_Test_AppApp.swift in Sources */,
			);
			runOnlyForDeploymentPostprocessing = 0;
		};
/* End PBXSourcesBuildPhase section */

/* Begin XCBuildConfiguration section */
		F0AF271824A4E01B005ED930 /* Debug */ = {
			isa = XCBuildConfiguration;
			buildSettings = {
				ALWAYS_SEARCH_USER_PATHS = NO;
				CLANG_ANALYZER_NONNULL = YES;
				CLANG_ANALYZER_NUMBER_OBJECT_CONVERSION = YES_AGGRESSIVE;
				CLANG_CXX_LANGUAGE_STANDARD = "gnu++14";
				CLANG_CXX_LIBRARY = "libc++";
				CLANG_ENABLE_MODULES = YES;
				CLANG_ENABLE_OBJC_ARC = YES;
				CLANG_ENABLE_OBJC_WEAK = YES;
				CLANG_WARN_BLOCK_CAPTURE_AUTORELEASING = YES;
				CLANG_WARN_BOOL_CONVERSION = YES;
				CLANG_WARN_COMMA = YES;
				CLANG_WARN_CONSTANT_CONVERSION = YES;
				CLANG_WARN_DEPRECATED_OBJC_IMPLEMENTATIONS = YES;
				CLANG_WARN_DIRECT_OBJC_ISA_USAGE = YES_ERROR;
				CLANG_WARN_DOCUMENTATION_COMMENTS = YES;
				CLANG_WARN_EMPTY_BODY = YES;
				CLANG_WARN_ENUM_CONVERSION = YES;
				CLANG_WARN_INFINITE_RECURSION = YES;
				CLANG_WARN_INT_CONVERSION = YES;
				CLANG_WARN_NON_LITERAL_NULL_CONVERSION = YES;
				CLANG_WARN_OBJC_IMPLICIT_RETAIN_SELF = YES;
				CLANG_WARN_OBJC_LITERAL_CONVERSION = YES;
				CLANG_WARN_OBJC_ROOT_CLASS = YES_ERROR;
				CLANG_WARN_QUOTED_INCLUDE_IN_FRAMEWORK_HEADER = YES;
				CLANG_WARN_RANGE_LOOP_ANALYSIS = YES;
				CLANG_WARN_STRICT_PROTOTYPES = YES;
				CLANG_WARN_SUSPICIOUS_MOVE = YES;
				CLANG_WARN_UNGUARDED_AVAILABILITY = YES_AGGRESSIVE;
				CLANG_WARN_UNREACHABLE_CODE = YES;
				CLANG_WARN__DUPLICATE_METHOD_MATCH = YES;
				COPY_PHASE_STRIP = NO;
				DEBUG_INFORMATION_FORMAT = dwarf;
				ENABLE_STRICT_OBJC_MSGSEND = YES;
				ENABLE_TESTABILITY = YES;
				GCC_C_LANGUAGE_STANDARD = gnu11;
				GCC_DYNAMIC_NO_PIC = NO;
				GCC_NO_COMMON_BLOCKS = YES;
				GCC_OPTIMIZATION_LEVEL = 0;
				GCC_PREPROCESSOR_DEFINITIONS = (
					"DEBUG=1",
					"$(inherited)",
				);
				GCC_WARN_64_TO_32_BIT_CONVERSION = YES;
				GCC_WARN_ABOUT_RETURN_TYPE = YES_ERROR;
				GCC_WARN_UNDECLARED_SELECTOR = YES;
				GCC_WARN_UNINITIALIZED_AUTOS = YES_AGGRESSIVE;
				GCC_WARN_UNUSED_FUNCTION = YES;
				GCC_WARN_UNUSED_VARIABLE = YES;
				IPHONEOS_DEPLOYMENT_TARGET = 14.0;
				MTL_ENABLE_DEBUG_INFO = INCLUDE_SOURCE;
				MTL_FAST_MATH = YES;
				ONLY_ACTIVE_ARCH = YES;
				SDKROOT = iphoneos;
				SWIFT_ACTIVE_COMPILATION_CONDITIONS = DEBUG;
				SWIFT_OPTIMIZATION_LEVEL = "-Onone";
			};
			name = Debug;
		};
		F0AF271924A4E01B005ED930 /* Release */ = {
			isa = XCBuildConfiguration;
			buildSettings = {
				ALWAYS_SEARCH_USER_PATHS = NO;
				CLANG_ANALYZER_NONNULL = YES;
				CLANG_ANALYZER_NUMBER_OBJECT_CONVERSION = YES_AGGRESSIVE;
				CLANG_CXX_LANGUAGE_STANDARD = "gnu++14";
				CLANG_CXX_LIBRARY = "libc++";
				CLANG_ENABLE_MODULES = YES;
				CLANG_ENABLE_OBJC_ARC = YES;
				CLANG_ENABLE_OBJC_WEAK = YES;
				CLANG_WARN_BLOCK_CAPTURE_AUTORELEASING = YES;
				CLANG_WARN_BOOL_CONVERSION = YES;
				CLANG_WARN_COMMA = YES;
				CLANG_WARN_CONSTANT_CONVERSION = YES;
				CLANG_WARN_DEPRECATED_OBJC_IMPLEMENTATIONS = YES;
				CLANG_WARN_DIRECT_OBJC_ISA_USAGE = YES_ERROR;
				CLANG_WARN_DOCUMENTATION_COMMENTS = YES;
				CLANG_WARN_EMPTY_BODY = YES;
				CLANG_WARN_ENUM_CONVERSION = YES;
				CLANG_WARN_INFINITE_RECURSION = YES;
				CLANG_WARN_INT_CONVERSION = YES;
				CLANG_WARN_NON_LITERAL_NULL_CONVERSION = YES;
				CLANG_WARN_OBJC_IMPLICIT_RETAIN_SELF = YES;
				CLANG_WARN_OBJC_LITERAL_CONVERSION = YES;
				CLANG_WARN_OBJC_ROOT_CLASS = YES_ERROR;
				CLANG_WARN_QUOTED_INCLUDE_IN_FRAMEWORK_HEADER = YES;
				CLANG_WARN_RANGE_LOOP_ANALYSIS = YES;
				CLANG_WARN_STRICT_PROTOTYPES = YES;
				CLANG_WARN_SUSPICIOUS_MOVE = YES;
				CLANG_WARN_UNGUARDED_AVAILABILITY = YES_AGGRESSIVE;
				CLANG_WARN_UNREACHABLE_CODE = YES;
				CLANG_WARN__DUPLICATE_METHOD_MATCH = YES;
				COPY_PHASE_STRIP = NO;
				DEBUG_INFORMATION_FORMAT = "dwarf-with-dsym";
				ENABLE_NS_ASSERTIONS = NO;
				ENABLE_STRICT_OBJC_MSGSEND = YES;
				GCC_C_LANGUAGE_STANDARD = gnu11;
				GCC_NO_COMMON_BLOCKS = YES;
				GCC_WARN_64_TO_32_BIT_CONVERSION = YES;
				GCC_WARN_ABOUT_RETURN_TYPE = YES_ERROR;
				GCC_WARN_UNDECLARED_SELECTOR = YES;
				GCC_WARN_UNINITIALIZED_AUTOS = YES_AGGRESSIVE;
				GCC_WARN_UNUSED_FUNCTION = YES;
				GCC_WARN_UNUSED_VARIABLE = YES;
				IPHONEOS_DEPLOYMENT_TARGET = 14.0;
				MTL_ENABLE_DEBUG_INFO = NO;
				MTL_FAST_MATH = YES;
				SDKROOT = iphoneos;
				SWIFT_COMPILATION_MODE = wholemodule;
				SWIFT_OPTIMIZATION_LEVEL = "-O";
				VALIDATE_PRODUCT = YES;
			};
			name = Release;
		};
		F0AF271B24A4E01B005ED930 /* Debug */ = {
			isa = XCBuildConfiguration;
			buildSettings = {
				ASSETCATALOG_COMPILER_APPICON_NAME = AppIcon;
				ASSETCATALOG_COMPILER_GLOBAL_ACCENT_COLOR_NAME = AccentColor;
				CODE_SIGN_STYLE = Automatic;
				DEVELOPMENT_ASSET_PATHS = "\"SR-13072 Test App/Preview Content\"";
				DEVELOPMENT_TEAM = 2QHTY6FMW2;
				ENABLE_PREVIEWS = YES;
				INFOPLIST_FILE = "SR-13072 Test App/Info.plist";
				IPHONEOS_DEPLOYMENT_TARGET = 14.0;
				LD_RUNPATH_SEARCH_PATHS = (
					"$(inherited)",
					"@executable_path/Frameworks",
				);
				PRODUCT_BUNDLE_IDENTIFIER = "net.hexagons.SR-13072-Test-App";
				PRODUCT_NAME = "$(TARGET_NAME)";
				SWIFT_VERSION = 5.0;
				TARGETED_DEVICE_FAMILY = "1,2";
			};
			name = Debug;
		};
		F0AF271C24A4E01B005ED930 /* Release */ = {
			isa = XCBuildConfiguration;
			buildSettings = {
				ASSETCATALOG_COMPILER_APPICON_NAME = AppIcon;
				ASSETCATALOG_COMPILER_GLOBAL_ACCENT_COLOR_NAME = AccentColor;
				CODE_SIGN_STYLE = Automatic;
				DEVELOPMENT_ASSET_PATHS = "\"SR-13072 Test App/Preview Content\"";
				DEVELOPMENT_TEAM = 2QHTY6FMW2;
				ENABLE_PREVIEWS = YES;
				INFOPLIST_FILE = "SR-13072 Test App/Info.plist";
				IPHONEOS_DEPLOYMENT_TARGET = 14.0;
				LD_RUNPATH_SEARCH_PATHS = (
					"$(inherited)",
					"@executable_path/Frameworks",
				);
				PRODUCT_BUNDLE_IDENTIFIER = "net.hexagons.SR-13072-Test-App";
				PRODUCT_NAME = "$(TARGET_NAME)";
				SWIFT_VERSION = 5.0;
				TARGETED_DEVICE_FAMILY = "1,2";
			};
			name = Release;
		};
/* End XCBuildConfiguration section */

/* Begin XCConfigurationList section */
		F0AF270624A4E01A005ED930 /* Build configuration list for PBXProject "SR-13072 Test App" */ = {
			isa = XCConfigurationList;
			buildConfigurations = (
				F0AF271824A4E01B005ED930 /* Debug */,
				F0AF271924A4E01B005ED930 /* Release */,
			);
			defaultConfigurationIsVisible = 0;
			defaultConfigurationName = Release;
		};
		F0AF271A24A4E01B005ED930 /* Build configuration list for PBXNativeTarget "SR-13072 Test App" */ = {
			isa = XCConfigurationList;
			buildConfigurations = (
				F0AF271B24A4E01B005ED930 /* Debug */,
				F0AF271C24A4E01B005ED930 /* Release */,
			);
			defaultConfigurationIsVisible = 0;
			defaultConfigurationName = Release;
		};
/* End XCConfigurationList section */

/* Begin XCRemoteSwiftPackageReference section */
		F0AF271D24A4E091005ED930 /* XCRemoteSwiftPackageReference "SR-13072" */ = {
			isa = XCRemoteSwiftPackageReference;
			repositoryURL = "https://github.com/hexagons/SR-13072";
			requirement = {
				kind = upToNextMajorVersion;
				minimumVersion = 0.0.1;
			};
		};
/* End XCRemoteSwiftPackageReference section */

/* Begin XCSwiftPackageProductDependency section */
		F0AF271E24A4E091005ED930 /* SR-13072 */ = {
			isa = XCSwiftPackageProductDependency;
			package = F0AF271D24A4E091005ED930 /* XCRemoteSwiftPackageReference "SR-13072" */;
			productName = "SR-13072";
		};
/* End XCSwiftPackageProductDependency section */
	};
	rootObject = F0AF270324A4E01A005ED930 /* Project object */;
}
